{
  "pins" : [
    {
      "identity" : "bare-kit-swift",
      "kind" : "remoteSourceControl",
      "location" : "https://github.com/holepunchto/bare-kit-swift",
      "state" : {
        "branch" : "main",
        "revision" : "ef26bbde9bb47eaebeb4e50944306b4ff23934ce"
      }
    },
    {
      "identity" : "bare-rpc-swift",
      "kind" : "remoteSourceControl",
      "location" : "https://github.com/holepunchto/bare-rpc-swift",
      "state" : {
        "branch" : "main",
        "revision" : "9b610e5229dd32161b649c473f266574765c24a7"
      }
    },
    {
      "identity" : "compact-encoding-swift",
      "kind" : "remoteSourceControl",
      "location" : "https://github.com/holepunchto/compact-encoding-swift",
      "state" : {
        "branch" : "main",
        "revision" : "accffee4b675a64bafeaba4b9b3f91423c446d31"
      }
    }
  ],
  "version" : 2
}
